
Microsoft Visual Studio Solution File, Format Version 12.00
# Visual Studio Version 17
VisualStudioVersion = 17.11.35327.3
MinimumVisualStudioVersion = 10.0.40219.1
Project("{FAE04EC0-301F-11D3-BF4B-00C04F79EFBC}") = "LinQToEFConsole", "LinQToEFConsole.csproj", "{27376D93-988B-4EA7-9E79-FDAA71408D42}"
EndProject
Global
	GlobalSection(SolutionConfigurationPlatforms) = preSolution
		Debug|Any CPU = Debug|Any CPU
		Release|Any CPU = Release|Any CPU
	EndGlobalSection
	GlobalSection(ProjectConfigurationPlatforms) = postSolution
		{27376D93-988B-4EA7-9E79-FDAA71408D42}.Debug|Any CPU.ActiveCfg = Debug|Any CPU
		{27376D93-988B-4EA7-9E79-FDAA71408D42}.Debug|Any CPU.Build.0 = Debug|Any CPU
		{27376D93-988B-4EA7-9E79-FDAA71408D42}.Release|Any CPU.ActiveCfg = Release|Any CPU
		{27376D93-988B-4EA7-9E79-FDAA71408D42}.Release|Any CPU.Build.0 = Release|Any CPU
	EndGlobalSection
	GlobalSection(SolutionProperties) = preSolution
		HideSolutionNode = FALSE
	EndGlobalSection
	GlobalSection(ExtensibilityGlobals) = postSolution
		SolutionGuid = {2691B4ED-1B15-426F-A2ED-FD1B652E6EF6}
	EndGlobalSection
EndGlobal
